{
  "originHash" : "1797ba07099f8f2340b731906b9fb35744e533d7b0529f0cc079635b035bdc38",
  "pins" : [
    {
      "identity" : "nordic-sig-mesh-sdk",
      "kind" : "remoteSourceControl",
      "location" : "git@github.com:maginawin/nordic-sig-mesh-sdk.git",
      "state" : {
        "branch" : "release",
        "revision" : "ebbe1c969381363487bfe6e371bae08e954f6f00"
      }
    }
  ],
  "version" : 3
}
