{
  "pins" : [
    {
      "identity" : "nordic-sig-mesh-sdk",
      "kind" : "remoteSourceControl",
      "location" : "https://gitee.com/sunricher-i-os/nordic-sig-mesh-sdk.git",
      "state" : {
        "branch" : "master",
        "revision" : "e169f93d42f02c989d36754a4b813d60abb4c3c9"
      }
    }
  ],
  "version" : 2
}
