{
  "pins" : [
    {
      "identity" : "nordic-sig-mesh-sdk",
      "kind" : "remoteSourceControl",
      "location" : "https://gitee.com/sunricher-i-os/nordic-sig-mesh-sdk.git",
      "state" : {
        "branch" : "master",
        "revision" : "8f8656002d44f17d4b5fc786bad40c749cc7da9d"
      }
    }
  ],
  "version" : 2
}
